
Microsoft Visual Studio Solution File, Format Version 12.00
# Visual Studio Version 17
VisualStudioVersion = 17.4.32804.182
MinimumVisualStudioVersion = 10.0.40219.1
Project("{FAE04EC0-301F-11D3-BF4B-00C04F79EFBC}") = "HW08.09(2)", "HW08.09(2)\HW08.09(2).csproj", "{4E224C0E-2081-4DC6-8D39-B6263DCAA9DC}"
EndProject
Global
	GlobalSection(SolutionConfigurationPlatforms) = preSolution
		Debug|Any CPU = Debug|Any CPU
		Release|Any CPU = Release|Any CPU
	EndGlobalSection
	GlobalSection(ProjectConfigurationPlatforms) = postSolution
		{4E224C0E-2081-4DC6-8D39-B6263DCAA9DC}.Debug|Any CPU.ActiveCfg = Debug|Any CPU
		{4E224C0E-2081-4DC6-8D39-B6263DCAA9DC}.Debug|Any CPU.Build.0 = Debug|Any CPU
		{4E224C0E-2081-4DC6-8D39-B6263DCAA9DC}.Release|Any CPU.ActiveCfg = Release|Any CPU
		{4E224C0E-2081-4DC6-8D39-B6263DCAA9DC}.Release|Any CPU.Build.0 = Release|Any CPU
	EndGlobalSection
	GlobalSection(SolutionProperties) = preSolution
		HideSolutionNode = FALSE
	EndGlobalSection
	GlobalSection(ExtensibilityGlobals) = postSolution
		SolutionGuid = {A45B2E28-FC7B-44E4-BE5C-06986DD80636}
	EndGlobalSection
EndGlobal
